PODS:
  - HappyDNS (0.2.3)
  - PLStreamingKit (1.1.2):
    - HappyDNS
    - PLStreamingKit/precompiled (= 1.1.2)
  - PLStreamingKit/precompiled (1.1.2):
    - HappyDNS

DEPENDENCIES:
  - PLStreamingKit (from `../`)

EXTERNAL SOURCES:
  PLStreamingKit:
    :path: ../

SPEC CHECKSUMS:
  HappyDNS: 6d85942e64c28b4fa61f8c76580398f52d6d1d11
  PLStreamingKit: 0031931293c5acbe5874515f13f8451a33186755

COCOAPODS: 0.39.0
