PODS:
  - HappyDNS (0.2.3)
  - PLStreamingKit (1.1.1):
    - HappyDNS
    - PLStreamingKit/precompiled (= 1.1.1)
  - PLStreamingKit/precompiled (1.1.1):
    - HappyDNS

DEPENDENCIES:
  - PLStreamingKit (from `../`)

EXTERNAL SOURCES:
  PLStreamingKit:
    :path: ../

SPEC CHECKSUMS:
  HappyDNS: 6d85942e64c28b4fa61f8c76580398f52d6d1d11
  PLStreamingKit: 22964059d92e91dd64f644bac6621722039b2fef

COCOAPODS: 0.39.0
