PODS:
  - GPUImage (0.1.7)
  - HappyDNS (0.3.3.1)
  - pili-librtmp (1.0.2)
  - PLStreamingKit (1.2.1):
    - HappyDNS
    - pili-librtmp
    - PLStreamingKit/precompiled (= 1.2.1)
  - PLStreamingKit/precompiled (1.2.1):
    - HappyDNS
    - pili-librtmp

DEPENDENCIES:
  - GPUImage
  - PLStreamingKit (from `../`)

EXTERNAL SOURCES:
  PLStreamingKit:
    :path: ../

SPEC CHECKSUMS:
  GPUImage: 733a5f0fab92df9de1c37ba9df520a833ccb406d
  HappyDNS: 816fceb07c964675bba4ffe668a7c5fc4ffdfe7e
  pili-librtmp: 97dc6774ac4ebb9935f04d5f35f3f6d8c4a4f37c
  PLStreamingKit: 55c671786ebfa541105fa9d8df9e38fd28454210

COCOAPODS: 0.39.0
